
Microsoft Visual Studio Solution File, Format Version 12.00
# Visual Studio 2012
Project("{FAE04EC0-301F-11D3-BF4B-00C04F79EFBC}") = "MF.Core", "..\..\Projects\MF.Core\MF.Core.csproj", "{3CBC320B-ECD3-4A3C-A6A3-704A23E6D1D7}"
EndProject
Project("{FAE04EC0-301F-11D3-BF4B-00C04F79EFBC}") = "CC.Core", "..\..\Projects\CC.Core\CC.Core.csproj", "{5E0B0CA2-BD5E-4953-A336-2AADC00CD81B}"
EndProject
Project("{FAE04EC0-301F-11D3-BF4B-00C04F79EFBC}") = "CC.Utility", "..\..\Projects\CC.Utility\CC.Utility.csproj", "{2BB959DA-4F45-4ED5-9D7C-066242F2B124}"
EndProject
Project("{FAE04EC0-301F-11D3-BF4B-00C04F79EFBC}") = "MF.ClientAbsenteeReport", "..\..\Projects\MF.ClientAbsenteeReport\MF.ClientAbsenteeReport.csproj", "{8F7F8B80-2DAB-497A-B5A0-6F0B2FD58EB5}"
EndProject
Global
	GlobalSection(SolutionConfigurationPlatforms) = preSolution
		Debug|Any CPU = Debug|Any CPU
		Release|Any CPU = Release|Any CPU
	EndGlobalSection
	GlobalSection(ProjectConfigurationPlatforms) = postSolution
		{3CBC320B-ECD3-4A3C-A6A3-704A23E6D1D7}.Debug|Any CPU.ActiveCfg = Debug|Any CPU
		{3CBC320B-ECD3-4A3C-A6A3-704A23E6D1D7}.Debug|Any CPU.Build.0 = Debug|Any CPU
		{3CBC320B-ECD3-4A3C-A6A3-704A23E6D1D7}.Release|Any CPU.ActiveCfg = Release|Any CPU
		{3CBC320B-ECD3-4A3C-A6A3-704A23E6D1D7}.Release|Any CPU.Build.0 = Release|Any CPU
		{5E0B0CA2-BD5E-4953-A336-2AADC00CD81B}.Debug|Any CPU.ActiveCfg = Debug|Any CPU
		{5E0B0CA2-BD5E-4953-A336-2AADC00CD81B}.Debug|Any CPU.Build.0 = Debug|Any CPU
		{5E0B0CA2-BD5E-4953-A336-2AADC00CD81B}.Release|Any CPU.ActiveCfg = Release|Any CPU
		{5E0B0CA2-BD5E-4953-A336-2AADC00CD81B}.Release|Any CPU.Build.0 = Release|Any CPU
		{2BB959DA-4F45-4ED5-9D7C-066242F2B124}.Debug|Any CPU.ActiveCfg = Debug|Any CPU
		{2BB959DA-4F45-4ED5-9D7C-066242F2B124}.Debug|Any CPU.Build.0 = Debug|Any CPU
		{2BB959DA-4F45-4ED5-9D7C-066242F2B124}.Release|Any CPU.ActiveCfg = Release|Any CPU
		{2BB959DA-4F45-4ED5-9D7C-066242F2B124}.Release|Any CPU.Build.0 = Release|Any CPU
		{8F7F8B80-2DAB-497A-B5A0-6F0B2FD58EB5}.Debug|Any CPU.ActiveCfg = Debug|Any CPU
		{8F7F8B80-2DAB-497A-B5A0-6F0B2FD58EB5}.Debug|Any CPU.Build.0 = Debug|Any CPU
		{8F7F8B80-2DAB-497A-B5A0-6F0B2FD58EB5}.Release|Any CPU.ActiveCfg = Release|Any CPU
		{8F7F8B80-2DAB-497A-B5A0-6F0B2FD58EB5}.Release|Any CPU.Build.0 = Release|Any CPU
	EndGlobalSection
	GlobalSection(SolutionProperties) = preSolution
		HideSolutionNode = FALSE
	EndGlobalSection
EndGlobal
